
Microsoft Visual Studio Solution File, Format Version 12.00
# Visual Studio Version 16
VisualStudioVersion = 16.0.28803.202
MinimumVisualStudioVersion = 10.0.40219.1
Project("{FAE04EC0-301F-11D3-BF4B-00C04F79EFBC}") = "Sample.Droid", "Sample.Droid\Sample.Droid.csproj", "{790B8FCC-71A8-4F40-AA4B-9177CCF51FC9}"
EndProject
Project("{FAE04EC0-301F-11D3-BF4B-00C04F79EFBC}") = "Sample.Core", "Sample.Core\Sample.Core.csproj", "{AE1341AA-AE65-43AF-952D-9EBDB7F75EDD}"
EndProject
Project("{FAE04EC0-301F-11D3-BF4B-00C04F79EFBC}") = "Sample.iOS", "Sample.iOS\Sample.iOS.csproj", "{8723C3E7-52E4-40DF-AB6E-D1068C5F274E}"
EndProject
Global
	GlobalSection(SolutionConfigurationPlatforms) = preSolution
		Debug|Any CPU = Debug|Any CPU
		Debug|iPhone = Debug|iPhone
		Debug|iPhoneSimulator = Debug|iPhoneSimulator
		Release|Any CPU = Release|Any CPU
		Release|iPhone = Release|iPhone
		Release|iPhoneSimulator = Release|iPhoneSimulator
	EndGlobalSection
	GlobalSection(ProjectConfigurationPlatforms) = postSolution
		{790B8FCC-71A8-4F40-AA4B-9177CCF51FC9}.Debug|Any CPU.ActiveCfg = Debug|Any CPU
		{790B8FCC-71A8-4F40-AA4B-9177CCF51FC9}.Debug|Any CPU.Build.0 = Debug|Any CPU
		{790B8FCC-71A8-4F40-AA4B-9177CCF51FC9}.Debug|Any CPU.Deploy.0 = Debug|Any CPU
		{790B8FCC-71A8-4F40-AA4B-9177CCF51FC9}.Debug|iPhone.ActiveCfg = Debug|Any CPU
		{790B8FCC-71A8-4F40-AA4B-9177CCF51FC9}.Debug|iPhone.Build.0 = Debug|Any CPU
		{790B8FCC-71A8-4F40-AA4B-9177CCF51FC9}.Debug|iPhone.Deploy.0 = Debug|Any CPU
		{790B8FCC-71A8-4F40-AA4B-9177CCF51FC9}.Debug|iPhoneSimulator.ActiveCfg = Debug|Any CPU
		{790B8FCC-71A8-4F40-AA4B-9177CCF51FC9}.Debug|iPhoneSimulator.Build.0 = Debug|Any CPU
		{790B8FCC-71A8-4F40-AA4B-9177CCF51FC9}.Debug|iPhoneSimulator.Deploy.0 = Debug|Any CPU
		{790B8FCC-71A8-4F40-AA4B-9177CCF51FC9}.Release|Any CPU.ActiveCfg = Release|Any CPU
		{790B8FCC-71A8-4F40-AA4B-9177CCF51FC9}.Release|Any CPU.Build.0 = Release|Any CPU
		{790B8FCC-71A8-4F40-AA4B-9177CCF51FC9}.Release|Any CPU.Deploy.0 = Release|Any CPU
		{790B8FCC-71A8-4F40-AA4B-9177CCF51FC9}.Release|iPhone.ActiveCfg = Release|Any CPU
		{790B8FCC-71A8-4F40-AA4B-9177CCF51FC9}.Release|iPhone.Build.0 = Release|Any CPU
		{790B8FCC-71A8-4F40-AA4B-9177CCF51FC9}.Release|iPhone.Deploy.0 = Release|Any CPU
		{790B8FCC-71A8-4F40-AA4B-9177CCF51FC9}.Release|iPhoneSimulator.ActiveCfg = Release|Any CPU
		{790B8FCC-71A8-4F40-AA4B-9177CCF51FC9}.Release|iPhoneSimulator.Build.0 = Release|Any CPU
		{790B8FCC-71A8-4F40-AA4B-9177CCF51FC9}.Release|iPhoneSimulator.Deploy.0 = Release|Any CPU
		{AE1341AA-AE65-43AF-952D-9EBDB7F75EDD}.Debug|Any CPU.ActiveCfg = Debug|Any CPU
		{AE1341AA-AE65-43AF-952D-9EBDB7F75EDD}.Debug|Any CPU.Build.0 = Debug|Any CPU
		{AE1341AA-AE65-43AF-952D-9EBDB7F75EDD}.Debug|iPhone.ActiveCfg = Debug|Any CPU
		{AE1341AA-AE65-43AF-952D-9EBDB7F75EDD}.Debug|iPhone.Build.0 = Debug|Any CPU
		{AE1341AA-AE65-43AF-952D-9EBDB7F75EDD}.Debug|iPhoneSimulator.ActiveCfg = Debug|Any CPU
		{AE1341AA-AE65-43AF-952D-9EBDB7F75EDD}.Debug|iPhoneSimulator.Build.0 = Debug|Any CPU
		{AE1341AA-AE65-43AF-952D-9EBDB7F75EDD}.Release|Any CPU.ActiveCfg = Release|Any CPU
		{AE1341AA-AE65-43AF-952D-9EBDB7F75EDD}.Release|Any CPU.Build.0 = Release|Any CPU
		{AE1341AA-AE65-43AF-952D-9EBDB7F75EDD}.Release|iPhone.ActiveCfg = Release|Any CPU
		{AE1341AA-AE65-43AF-952D-9EBDB7F75EDD}.Release|iPhone.Build.0 = Release|Any CPU
		{AE1341AA-AE65-43AF-952D-9EBDB7F75EDD}.Release|iPhoneSimulator.ActiveCfg = Release|Any CPU
		{AE1341AA-AE65-43AF-952D-9EBDB7F75EDD}.Release|iPhoneSimulator.Build.0 = Release|Any CPU
		{8723C3E7-52E4-40DF-AB6E-D1068C5F274E}.Debug|Any CPU.ActiveCfg = Debug|iPhone
		{8723C3E7-52E4-40DF-AB6E-D1068C5F274E}.Debug|iPhone.ActiveCfg = Debug|iPhone
		{8723C3E7-52E4-40DF-AB6E-D1068C5F274E}.Debug|iPhone.Build.0 = Debug|iPhone
		{8723C3E7-52E4-40DF-AB6E-D1068C5F274E}.Debug|iPhoneSimulator.ActiveCfg = Debug|iPhoneSimulator
		{8723C3E7-52E4-40DF-AB6E-D1068C5F274E}.Debug|iPhoneSimulator.Build.0 = Debug|iPhoneSimulator
		{8723C3E7-52E4-40DF-AB6E-D1068C5F274E}.Release|Any CPU.ActiveCfg = Release|iPhone
		{8723C3E7-52E4-40DF-AB6E-D1068C5F274E}.Release|iPhone.ActiveCfg = Release|iPhone
		{8723C3E7-52E4-40DF-AB6E-D1068C5F274E}.Release|iPhone.Build.0 = Release|iPhone
		{8723C3E7-52E4-40DF-AB6E-D1068C5F274E}.Release|iPhoneSimulator.ActiveCfg = Release|iPhoneSimulator
		{8723C3E7-52E4-40DF-AB6E-D1068C5F274E}.Release|iPhoneSimulator.Build.0 = Release|iPhoneSimulator
	EndGlobalSection
	GlobalSection(SolutionProperties) = preSolution
		HideSolutionNode = FALSE
	EndGlobalSection
	GlobalSection(ExtensibilityGlobals) = postSolution
		SolutionGuid = {CEED0750-6D50-4FE4-AD8E-196041B2D9A3}
	EndGlobalSection
EndGlobal
